
Microsoft Visual Studio Solution File, Format Version 12.00
# Visual Studio 2013
VisualStudioVersion = 12.0.30723.0
MinimumVisualStudioVersion = 10.0.40219.1
Project("{FAE04EC0-301F-11D3-BF4B-00C04F79EFBC}") = "nawagamisama", "nawagamisama\nawagamisama\nawagamisama.csproj", "{7216D2C3-B33F-4C76-B80B-847DD72EAA4B}"
EndProject
Project("{FAE04EC0-301F-11D3-BF4B-00C04F79EFBC}") = "nawagamisama.iOS", "nawagamisama\nawagamisama.iOS\nawagamisama.iOS.csproj", "{1705771E-A1AF-4204-87FC-61C1ADE80341}"
EndProject
Project("{FAE04EC0-301F-11D3-BF4B-00C04F79EFBC}") = "nawagamisama.Android", "nawagamisama\nawagamisama.Android\nawagamisama.Android.csproj", "{247F2C5D-A810-4B3F-8D07-9BD3D25DDA8F}"
EndProject
Project("{FAE04EC0-301F-11D3-BF4B-00C04F79EFBC}") = "nawagamisama.WinPhone", "nawagamisama\nawagamisama.WinPhone\nawagamisama.WinPhone.csproj", "{9A17C162-5F84-40EC-9647-3A10F5516417}"
EndProject
Global
	GlobalSection(SolutionConfigurationPlatforms) = preSolution
		Ad-Hoc|Any CPU = Ad-Hoc|Any CPU
		Ad-Hoc|ARM = Ad-Hoc|ARM
		Ad-Hoc|iPhone = Ad-Hoc|iPhone
		Ad-Hoc|iPhoneSimulator = Ad-Hoc|iPhoneSimulator
		Ad-Hoc|Mixed Platforms = Ad-Hoc|Mixed Platforms
		Ad-Hoc|x86 = Ad-Hoc|x86
		AppStore|Any CPU = AppStore|Any CPU
		AppStore|ARM = AppStore|ARM
		AppStore|iPhone = AppStore|iPhone
		AppStore|iPhoneSimulator = AppStore|iPhoneSimulator
		AppStore|Mixed Platforms = AppStore|Mixed Platforms
		AppStore|x86 = AppStore|x86
		Debug|Any CPU = Debug|Any CPU
		Debug|ARM = Debug|ARM
		Debug|iPhone = Debug|iPhone
		Debug|iPhoneSimulator = Debug|iPhoneSimulator
		Debug|Mixed Platforms = Debug|Mixed Platforms
		Debug|x86 = Debug|x86
		Release|Any CPU = Release|Any CPU
		Release|ARM = Release|ARM
		Release|iPhone = Release|iPhone
		Release|iPhoneSimulator = Release|iPhoneSimulator
		Release|Mixed Platforms = Release|Mixed Platforms
		Release|x86 = Release|x86
	EndGlobalSection
	GlobalSection(ProjectConfigurationPlatforms) = postSolution
		{7216D2C3-B33F-4C76-B80B-847DD72EAA4B}.Ad-Hoc|Any CPU.ActiveCfg = Release|Any CPU
		{7216D2C3-B33F-4C76-B80B-847DD72EAA4B}.Ad-Hoc|Any CPU.Build.0 = Release|Any CPU
		{7216D2C3-B33F-4C76-B80B-847DD72EAA4B}.Ad-Hoc|ARM.ActiveCfg = Release|Any CPU
		{7216D2C3-B33F-4C76-B80B-847DD72EAA4B}.Ad-Hoc|iPhone.ActiveCfg = Release|Any CPU
		{7216D2C3-B33F-4C76-B80B-847DD72EAA4B}.Ad-Hoc|iPhoneSimulator.ActiveCfg = Release|Any CPU
		{7216D2C3-B33F-4C76-B80B-847DD72EAA4B}.Ad-Hoc|Mixed Platforms.ActiveCfg = Release|Any CPU
		{7216D2C3-B33F-4C76-B80B-847DD72EAA4B}.Ad-Hoc|Mixed Platforms.Build.0 = Release|Any CPU
		{7216D2C3-B33F-4C76-B80B-847DD72EAA4B}.Ad-Hoc|x86.ActiveCfg = Release|Any CPU
		{7216D2C3-B33F-4C76-B80B-847DD72EAA4B}.AppStore|Any CPU.ActiveCfg = Release|Any CPU
		{7216D2C3-B33F-4C76-B80B-847DD72EAA4B}.AppStore|Any CPU.Build.0 = Release|Any CPU
		{7216D2C3-B33F-4C76-B80B-847DD72EAA4B}.AppStore|ARM.ActiveCfg = Release|Any CPU
		{7216D2C3-B33F-4C76-B80B-847DD72EAA4B}.AppStore|iPhone.ActiveCfg = Release|Any CPU
		{7216D2C3-B33F-4C76-B80B-847DD72EAA4B}.AppStore|iPhoneSimulator.ActiveCfg = Release|Any CPU
		{7216D2C3-B33F-4C76-B80B-847DD72EAA4B}.AppStore|Mixed Platforms.ActiveCfg = Release|Any CPU
		{7216D2C3-B33F-4C76-B80B-847DD72EAA4B}.AppStore|Mixed Platforms.Build.0 = Release|Any CPU
		{7216D2C3-B33F-4C76-B80B-847DD72EAA4B}.AppStore|x86.ActiveCfg = Release|Any CPU
		{7216D2C3-B33F-4C76-B80B-847DD72EAA4B}.Debug|Any CPU.ActiveCfg = Debug|Any CPU
		{7216D2C3-B33F-4C76-B80B-847DD72EAA4B}.Debug|Any CPU.Build.0 = Debug|Any CPU
		{7216D2C3-B33F-4C76-B80B-847DD72EAA4B}.Debug|ARM.ActiveCfg = Debug|Any CPU
		{7216D2C3-B33F-4C76-B80B-847DD72EAA4B}.Debug|iPhone.ActiveCfg = Debug|Any CPU
		{7216D2C3-B33F-4C76-B80B-847DD72EAA4B}.Debug|iPhoneSimulator.ActiveCfg = Debug|Any CPU
		{7216D2C3-B33F-4C76-B80B-847DD72EAA4B}.Debug|iPhoneSimulator.Build.0 = Debug|Any CPU
		{7216D2C3-B33F-4C76-B80B-847DD72EAA4B}.Debug|Mixed Platforms.ActiveCfg = Debug|Any CPU
		{7216D2C3-B33F-4C76-B80B-847DD72EAA4B}.Debug|Mixed Platforms.Build.0 = Debug|Any CPU
		{7216D2C3-B33F-4C76-B80B-847DD72EAA4B}.Debug|x86.ActiveCfg = Debug|Any CPU
		{7216D2C3-B33F-4C76-B80B-847DD72EAA4B}.Release|Any CPU.ActiveCfg = Release|Any CPU
		{7216D2C3-B33F-4C76-B80B-847DD72EAA4B}.Release|Any CPU.Build.0 = Release|Any CPU
		{7216D2C3-B33F-4C76-B80B-847DD72EAA4B}.Release|ARM.ActiveCfg = Release|Any CPU
		{7216D2C3-B33F-4C76-B80B-847DD72EAA4B}.Release|iPhone.ActiveCfg = Release|Any CPU
		{7216D2C3-B33F-4C76-B80B-847DD72EAA4B}.Release|iPhoneSimulator.ActiveCfg = Release|Any CPU
		{7216D2C3-B33F-4C76-B80B-847DD72EAA4B}.Release|Mixed Platforms.ActiveCfg = Release|Any CPU
		{7216D2C3-B33F-4C76-B80B-847DD72EAA4B}.Release|Mixed Platforms.Build.0 = Release|Any CPU
		{7216D2C3-B33F-4C76-B80B-847DD72EAA4B}.Release|x86.ActiveCfg = Release|Any CPU
		{1705771E-A1AF-4204-87FC-61C1ADE80341}.Ad-Hoc|Any CPU.ActiveCfg = Ad-Hoc|iPhone
		{1705771E-A1AF-4204-87FC-61C1ADE80341}.Ad-Hoc|ARM.ActiveCfg = Ad-Hoc|iPhone
		{1705771E-A1AF-4204-87FC-61C1ADE80341}.Ad-Hoc|iPhone.ActiveCfg = Ad-Hoc|iPhone
		{1705771E-A1AF-4204-87FC-61C1ADE80341}.Ad-Hoc|iPhone.Build.0 = Ad-Hoc|iPhone
		{1705771E-A1AF-4204-87FC-61C1ADE80341}.Ad-Hoc|iPhoneSimulator.ActiveCfg = Ad-Hoc|iPhoneSimulator
		{1705771E-A1AF-4204-87FC-61C1ADE80341}.Ad-Hoc|iPhoneSimulator.Build.0 = Ad-Hoc|iPhoneSimulator
		{1705771E-A1AF-4204-87FC-61C1ADE80341}.Ad-Hoc|Mixed Platforms.ActiveCfg = Ad-Hoc|iPhone
		{1705771E-A1AF-4204-87FC-61C1ADE80341}.Ad-Hoc|Mixed Platforms.Build.0 = Ad-Hoc|iPhone
		{1705771E-A1AF-4204-87FC-61C1ADE80341}.Ad-Hoc|x86.ActiveCfg = Ad-Hoc|iPhone
		{1705771E-A1AF-4204-87FC-61C1ADE80341}.AppStore|Any CPU.ActiveCfg = AppStore|iPhone
		{1705771E-A1AF-4204-87FC-61C1ADE80341}.AppStore|ARM.ActiveCfg = AppStore|iPhone
		{1705771E-A1AF-4204-87FC-61C1ADE80341}.AppStore|iPhone.ActiveCfg = AppStore|iPhone
		{1705771E-A1AF-4204-87FC-61C1ADE80341}.AppStore|iPhone.Build.0 = AppStore|iPhone
		{1705771E-A1AF-4204-87FC-61C1ADE80341}.AppStore|iPhoneSimulator.ActiveCfg = AppStore|iPhoneSimulator
		{1705771E-A1AF-4204-87FC-61C1ADE80341}.AppStore|iPhoneSimulator.Build.0 = AppStore|iPhoneSimulator
		{1705771E-A1AF-4204-87FC-61C1ADE80341}.AppStore|Mixed Platforms.ActiveCfg = AppStore|iPhone
		{1705771E-A1AF-4204-87FC-61C1ADE80341}.AppStore|Mixed Platforms.Build.0 = AppStore|iPhone
		{1705771E-A1AF-4204-87FC-61C1ADE80341}.AppStore|x86.ActiveCfg = AppStore|iPhone
		{1705771E-A1AF-4204-87FC-61C1ADE80341}.Debug|Any CPU.ActiveCfg = Debug|iPhone
		{1705771E-A1AF-4204-87FC-61C1ADE80341}.Debug|ARM.ActiveCfg = Debug|iPhone
		{1705771E-A1AF-4204-87FC-61C1ADE80341}.Debug|iPhone.ActiveCfg = Debug|iPhone
		{1705771E-A1AF-4204-87FC-61C1ADE80341}.Debug|iPhone.Build.0 = Debug|iPhone
		{1705771E-A1AF-4204-87FC-61C1ADE80341}.Debug|iPhoneSimulator.ActiveCfg = Debug|iPhoneSimulator
		{1705771E-A1AF-4204-87FC-61C1ADE80341}.Debug|iPhoneSimulator.Build.0 = Debug|iPhoneSimulator
		{1705771E-A1AF-4204-87FC-61C1ADE80341}.Debug|Mixed Platforms.ActiveCfg = Debug|iPhone
		{1705771E-A1AF-4204-87FC-61C1ADE80341}.Debug|Mixed Platforms.Build.0 = Debug|iPhone
		{1705771E-A1AF-4204-87FC-61C1ADE80341}.Debug|x86.ActiveCfg = Debug|iPhone
		{1705771E-A1AF-4204-87FC-61C1ADE80341}.Release|Any CPU.ActiveCfg = Release|iPhone
		{1705771E-A1AF-4204-87FC-61C1ADE80341}.Release|ARM.ActiveCfg = Release|iPhone
		{1705771E-A1AF-4204-87FC-61C1ADE80341}.Release|iPhone.ActiveCfg = Release|iPhone
		{1705771E-A1AF-4204-87FC-61C1ADE80341}.Release|iPhone.Build.0 = Release|iPhone
		{1705771E-A1AF-4204-87FC-61C1ADE80341}.Release|iPhoneSimulator.ActiveCfg = Release|iPhoneSimulator
		{1705771E-A1AF-4204-87FC-61C1ADE80341}.Release|iPhoneSimulator.Build.0 = Release|iPhoneSimulator
		{1705771E-A1AF-4204-87FC-61C1ADE80341}.Release|Mixed Platforms.ActiveCfg = Release|iPhone
		{1705771E-A1AF-4204-87FC-61C1ADE80341}.Release|Mixed Platforms.Build.0 = Release|iPhone
		{1705771E-A1AF-4204-87FC-61C1ADE80341}.Release|x86.ActiveCfg = Release|iPhone
		{247F2C5D-A810-4B3F-8D07-9BD3D25DDA8F}.Ad-Hoc|Any CPU.ActiveCfg = Release|Any CPU
		{247F2C5D-A810-4B3F-8D07-9BD3D25DDA8F}.Ad-Hoc|Any CPU.Build.0 = Release|Any CPU
		{247F2C5D-A810-4B3F-8D07-9BD3D25DDA8F}.Ad-Hoc|Any CPU.Deploy.0 = Release|Any CPU
		{247F2C5D-A810-4B3F-8D07-9BD3D25DDA8F}.Ad-Hoc|ARM.ActiveCfg = Release|Any CPU
		{247F2C5D-A810-4B3F-8D07-9BD3D25DDA8F}.Ad-Hoc|iPhone.ActiveCfg = Release|Any CPU
		{247F2C5D-A810-4B3F-8D07-9BD3D25DDA8F}.Ad-Hoc|iPhoneSimulator.ActiveCfg = Release|Any CPU
		{247F2C5D-A810-4B3F-8D07-9BD3D25DDA8F}.Ad-Hoc|Mixed Platforms.ActiveCfg = Release|Any CPU
		{247F2C5D-A810-4B3F-8D07-9BD3D25DDA8F}.Ad-Hoc|Mixed Platforms.Build.0 = Release|Any CPU
		{247F2C5D-A810-4B3F-8D07-9BD3D25DDA8F}.Ad-Hoc|Mixed Platforms.Deploy.0 = Release|Any CPU
		{247F2C5D-A810-4B3F-8D07-9BD3D25DDA8F}.Ad-Hoc|x86.ActiveCfg = Release|Any CPU
		{247F2C5D-A810-4B3F-8D07-9BD3D25DDA8F}.AppStore|Any CPU.ActiveCfg = Release|Any CPU
		{247F2C5D-A810-4B3F-8D07-9BD3D25DDA8F}.AppStore|Any CPU.Build.0 = Release|Any CPU
		{247F2C5D-A810-4B3F-8D07-9BD3D25DDA8F}.AppStore|Any CPU.Deploy.0 = Release|Any CPU
		{247F2C5D-A810-4B3F-8D07-9BD3D25DDA8F}.AppStore|ARM.ActiveCfg = Release|Any CPU
		{247F2C5D-A810-4B3F-8D07-9BD3D25DDA8F}.AppStore|iPhone.ActiveCfg = Release|Any CPU
		{247F2C5D-A810-4B3F-8D07-9BD3D25DDA8F}.AppStore|iPhoneSimulator.ActiveCfg = Release|Any CPU
		{247F2C5D-A810-4B3F-8D07-9BD3D25DDA8F}.AppStore|Mixed Platforms.ActiveCfg = Release|Any CPU
		{247F2C5D-A810-4B3F-8D07-9BD3D25DDA8F}.AppStore|Mixed Platforms.Build.0 = Release|Any CPU
		{247F2C5D-A810-4B3F-8D07-9BD3D25DDA8F}.AppStore|Mixed Platforms.Deploy.0 = Release|Any CPU
		{247F2C5D-A810-4B3F-8D07-9BD3D25DDA8F}.AppStore|x86.ActiveCfg = Release|Any CPU
		{247F2C5D-A810-4B3F-8D07-9BD3D25DDA8F}.Debug|Any CPU.ActiveCfg = Debug|Any CPU
		{247F2C5D-A810-4B3F-8D07-9BD3D25DDA8F}.Debug|Any CPU.Build.0 = Debug|Any CPU
		{247F2C5D-A810-4B3F-8D07-9BD3D25DDA8F}.Debug|Any CPU.Deploy.0 = Debug|Any CPU
		{247F2C5D-A810-4B3F-8D07-9BD3D25DDA8F}.Debug|ARM.ActiveCfg = Debug|Any CPU
		{247F2C5D-A810-4B3F-8D07-9BD3D25DDA8F}.Debug|iPhone.ActiveCfg = Debug|Any CPU
		{247F2C5D-A810-4B3F-8D07-9BD3D25DDA8F}.Debug|iPhoneSimulator.ActiveCfg = Debug|Any CPU
		{247F2C5D-A810-4B3F-8D07-9BD3D25DDA8F}.Debug|iPhoneSimulator.Build.0 = Debug|Any CPU
		{247F2C5D-A810-4B3F-8D07-9BD3D25DDA8F}.Debug|iPhoneSimulator.Deploy.0 = Debug|Any CPU
		{247F2C5D-A810-4B3F-8D07-9BD3D25DDA8F}.Debug|Mixed Platforms.ActiveCfg = Debug|Any CPU
		{247F2C5D-A810-4B3F-8D07-9BD3D25DDA8F}.Debug|Mixed Platforms.Build.0 = Debug|Any CPU
		{247F2C5D-A810-4B3F-8D07-9BD3D25DDA8F}.Debug|Mixed Platforms.Deploy.0 = Debug|Any CPU
		{247F2C5D-A810-4B3F-8D07-9BD3D25DDA8F}.Debug|x86.ActiveCfg = Debug|Any CPU
		{247F2C5D-A810-4B3F-8D07-9BD3D25DDA8F}.Release|Any CPU.ActiveCfg = Release|Any CPU
		{247F2C5D-A810-4B3F-8D07-9BD3D25DDA8F}.Release|Any CPU.Build.0 = Release|Any CPU
		{247F2C5D-A810-4B3F-8D07-9BD3D25DDA8F}.Release|Any CPU.Deploy.0 = Release|Any CPU
		{247F2C5D-A810-4B3F-8D07-9BD3D25DDA8F}.Release|ARM.ActiveCfg = Release|Any CPU
		{247F2C5D-A810-4B3F-8D07-9BD3D25DDA8F}.Release|iPhone.ActiveCfg = Release|Any CPU
		{247F2C5D-A810-4B3F-8D07-9BD3D25DDA8F}.Release|iPhoneSimulator.ActiveCfg = Release|Any CPU
		{247F2C5D-A810-4B3F-8D07-9BD3D25DDA8F}.Release|Mixed Platforms.ActiveCfg = Release|Any CPU
		{247F2C5D-A810-4B3F-8D07-9BD3D25DDA8F}.Release|Mixed Platforms.Build.0 = Release|Any CPU
		{247F2C5D-A810-4B3F-8D07-9BD3D25DDA8F}.Release|Mixed Platforms.Deploy.0 = Release|Any CPU
		{247F2C5D-A810-4B3F-8D07-9BD3D25DDA8F}.Release|x86.ActiveCfg = Release|Any CPU
		{9A17C162-5F84-40EC-9647-3A10F5516417}.Ad-Hoc|Any CPU.ActiveCfg = Release|Any CPU
		{9A17C162-5F84-40EC-9647-3A10F5516417}.Ad-Hoc|Any CPU.Build.0 = Release|Any CPU
		{9A17C162-5F84-40EC-9647-3A10F5516417}.Ad-Hoc|Any CPU.Deploy.0 = Release|Any CPU
		{9A17C162-5F84-40EC-9647-3A10F5516417}.Ad-Hoc|ARM.ActiveCfg = Release|ARM
		{9A17C162-5F84-40EC-9647-3A10F5516417}.Ad-Hoc|ARM.Build.0 = Release|ARM
		{9A17C162-5F84-40EC-9647-3A10F5516417}.Ad-Hoc|ARM.Deploy.0 = Release|ARM
		{9A17C162-5F84-40EC-9647-3A10F5516417}.Ad-Hoc|iPhone.ActiveCfg = Release|Any CPU
		{9A17C162-5F84-40EC-9647-3A10F5516417}.Ad-Hoc|iPhoneSimulator.ActiveCfg = Release|Any CPU
		{9A17C162-5F84-40EC-9647-3A10F5516417}.Ad-Hoc|Mixed Platforms.ActiveCfg = Release|x86
		{9A17C162-5F84-40EC-9647-3A10F5516417}.Ad-Hoc|Mixed Platforms.Build.0 = Release|x86
		{9A17C162-5F84-40EC-9647-3A10F5516417}.Ad-Hoc|Mixed Platforms.Deploy.0 = Release|x86
		{9A17C162-5F84-40EC-9647-3A10F5516417}.Ad-Hoc|x86.ActiveCfg = Release|x86
		{9A17C162-5F84-40EC-9647-3A10F5516417}.Ad-Hoc|x86.Build.0 = Release|x86
		{9A17C162-5F84-40EC-9647-3A10F5516417}.Ad-Hoc|x86.Deploy.0 = Release|x86
		{9A17C162-5F84-40EC-9647-3A10F5516417}.AppStore|Any CPU.ActiveCfg = Release|Any CPU
		{9A17C162-5F84-40EC-9647-3A10F5516417}.AppStore|Any CPU.Build.0 = Release|Any CPU
		{9A17C162-5F84-40EC-9647-3A10F5516417}.AppStore|Any CPU.Deploy.0 = Release|Any CPU
		{9A17C162-5F84-40EC-9647-3A10F5516417}.AppStore|ARM.ActiveCfg = Release|ARM
		{9A17C162-5F84-40EC-9647-3A10F5516417}.AppStore|ARM.Build.0 = Release|ARM
		{9A17C162-5F84-40EC-9647-3A10F5516417}.AppStore|ARM.Deploy.0 = Release|ARM
		{9A17C162-5F84-40EC-9647-3A10F5516417}.AppStore|iPhone.ActiveCfg = Release|Any CPU
		{9A17C162-5F84-40EC-9647-3A10F5516417}.AppStore|iPhoneSimulator.ActiveCfg = Release|Any CPU
		{9A17C162-5F84-40EC-9647-3A10F5516417}.AppStore|Mixed Platforms.ActiveCfg = Release|x86
		{9A17C162-5F84-40EC-9647-3A10F5516417}.AppStore|Mixed Platforms.Build.0 = Release|x86
		{9A17C162-5F84-40EC-9647-3A10F5516417}.AppStore|Mixed Platforms.Deploy.0 = Release|x86
		{9A17C162-5F84-40EC-9647-3A10F5516417}.AppStore|x86.ActiveCfg = Release|x86
		{9A17C162-5F84-40EC-9647-3A10F5516417}.AppStore|x86.Build.0 = Release|x86
		{9A17C162-5F84-40EC-9647-3A10F5516417}.AppStore|x86.Deploy.0 = Release|x86
		{9A17C162-5F84-40EC-9647-3A10F5516417}.Debug|Any CPU.ActiveCfg = Debug|Any CPU
		{9A17C162-5F84-40EC-9647-3A10F5516417}.Debug|Any CPU.Build.0 = Debug|Any CPU
		{9A17C162-5F84-40EC-9647-3A10F5516417}.Debug|Any CPU.Deploy.0 = Debug|Any CPU
		{9A17C162-5F84-40EC-9647-3A10F5516417}.Debug|ARM.ActiveCfg = Debug|ARM
		{9A17C162-5F84-40EC-9647-3A10F5516417}.Debug|ARM.Build.0 = Debug|ARM
		{9A17C162-5F84-40EC-9647-3A10F5516417}.Debug|ARM.Deploy.0 = Debug|ARM
		{9A17C162-5F84-40EC-9647-3A10F5516417}.Debug|iPhone.ActiveCfg = Debug|Any CPU
		{9A17C162-5F84-40EC-9647-3A10F5516417}.Debug|iPhoneSimulator.ActiveCfg = Debug|Any CPU
		{9A17C162-5F84-40EC-9647-3A10F5516417}.Debug|iPhoneSimulator.Build.0 = Debug|Any CPU
		{9A17C162-5F84-40EC-9647-3A10F5516417}.Debug|iPhoneSimulator.Deploy.0 = Debug|Any CPU
		{9A17C162-5F84-40EC-9647-3A10F5516417}.Debug|Mixed Platforms.ActiveCfg = Debug|x86
		{9A17C162-5F84-40EC-9647-3A10F5516417}.Debug|Mixed Platforms.Build.0 = Debug|x86
		{9A17C162-5F84-40EC-9647-3A10F5516417}.Debug|Mixed Platforms.Deploy.0 = Debug|x86
		{9A17C162-5F84-40EC-9647-3A10F5516417}.Debug|x86.ActiveCfg = Debug|x86
		{9A17C162-5F84-40EC-9647-3A10F5516417}.Debug|x86.Build.0 = Debug|x86
		{9A17C162-5F84-40EC-9647-3A10F5516417}.Debug|x86.Deploy.0 = Debug|x86
		{9A17C162-5F84-40EC-9647-3A10F5516417}.Release|Any CPU.ActiveCfg = Release|Any CPU
		{9A17C162-5F84-40EC-9647-3A10F5516417}.Release|Any CPU.Build.0 = Release|Any CPU
		{9A17C162-5F84-40EC-9647-3A10F5516417}.Release|Any CPU.Deploy.0 = Release|Any CPU
		{9A17C162-5F84-40EC-9647-3A10F5516417}.Release|ARM.ActiveCfg = Release|ARM
		{9A17C162-5F84-40EC-9647-3A10F5516417}.Release|ARM.Build.0 = Release|ARM
		{9A17C162-5F84-40EC-9647-3A10F5516417}.Release|ARM.Deploy.0 = Release|ARM
		{9A17C162-5F84-40EC-9647-3A10F5516417}.Release|iPhone.ActiveCfg = Release|Any CPU
		{9A17C162-5F84-40EC-9647-3A10F5516417}.Release|iPhoneSimulator.ActiveCfg = Release|Any CPU
		{9A17C162-5F84-40EC-9647-3A10F5516417}.Release|Mixed Platforms.ActiveCfg = Release|x86
		{9A17C162-5F84-40EC-9647-3A10F5516417}.Release|Mixed Platforms.Build.0 = Release|x86
		{9A17C162-5F84-40EC-9647-3A10F5516417}.Release|Mixed Platforms.Deploy.0 = Release|x86
		{9A17C162-5F84-40EC-9647-3A10F5516417}.Release|x86.ActiveCfg = Release|x86
		{9A17C162-5F84-40EC-9647-3A10F5516417}.Release|x86.Build.0 = Release|x86
		{9A17C162-5F84-40EC-9647-3A10F5516417}.Release|x86.Deploy.0 = Release|x86
	EndGlobalSection
	GlobalSection(SolutionProperties) = preSolution
		HideSolutionNode = FALSE
	EndGlobalSection
EndGlobal
